
Microsoft Visual Studio Solution File, Format Version 12.00
# Visual Studio 15
VisualStudioVersion = 15.0.26228.10
MinimumVisualStudioVersion = 10.0.40219.1
Project("{8BC9CEB8-8B4A-11D0-8D11-00A0C91BC942}") = "CharCodeConverter", "CharCodeConverter\CharCodeConverter.vcxproj", "{8CF56D39-4542-4374-AD8F-EE73F23BFFEB}"
EndProject
Global
	GlobalSection(SolutionConfigurationPlatforms) = preSolution
		Debug|x64 = Debug|x64
		Debug|x86 = Debug|x86
		Release|x64 = Release|x64
		Release|x86 = Release|x86
	EndGlobalSection
	GlobalSection(ProjectConfigurationPlatforms) = postSolution
		{8CF56D39-4542-4374-AD8F-EE73F23BFFEB}.Debug|x64.ActiveCfg = Debug|x64
		{8CF56D39-4542-4374-AD8F-EE73F23BFFEB}.Debug|x64.Build.0 = Debug|x64
		{8CF56D39-4542-4374-AD8F-EE73F23BFFEB}.Debug|x86.ActiveCfg = Debug|Win32
		{8CF56D39-4542-4374-AD8F-EE73F23BFFEB}.Debug|x86.Build.0 = Debug|Win32
		{8CF56D39-4542-4374-AD8F-EE73F23BFFEB}.Release|x64.ActiveCfg = Release|x64
		{8CF56D39-4542-4374-AD8F-EE73F23BFFEB}.Release|x64.Build.0 = Release|x64
		{8CF56D39-4542-4374-AD8F-EE73F23BFFEB}.Release|x86.ActiveCfg = Release|Win32
		{8CF56D39-4542-4374-AD8F-EE73F23BFFEB}.Release|x86.Build.0 = Release|Win32
	EndGlobalSection
	GlobalSection(SolutionProperties) = preSolution
		HideSolutionNode = FALSE
	EndGlobalSection
EndGlobal
